{
  "requires": true,
  "lockfileVersion": 1,
  "dependencies": {
    "datatable": {
      "version": "2.0.2",
      "resolved": "https://registry.npmjs.org/datatable/-/datatable-2.0.2.tgz",
      "integrity": "sha1-0FZtM1Tcml7qa9rLeAfuDy6Mq04=",
      "requires": {
        "underscore": "1.4.x"
      }
    },
    "jquery": {
      "version": "3.4.1",
      "resolved": "https://registry.npmjs.org/jquery/-/jquery-3.4.1.tgz",
      "integrity": "sha512-36+AdBzCL+y6qjw5Tx7HgzeGCzC81MDDgaUP8ld2zhx58HdqXGoBd+tHdrBMiyjGQs0Hxs/MLZTu/eHNJJuWPw=="
    },
    "tablesorter": {
      "version": "2.31.1",
      "resolved": "https://registry.npmjs.org/tablesorter/-/tablesorter-2.31.1.tgz",
      "integrity": "sha512-xXFYMu2vc73oKNWcf+hdId1Rvtl2W3zS9pJAX0BWjJcn6zmhquXCk+kuBQzKid/Iq/T8ERPlyAJ7q0Wkgym7Sg==",
      "requires": {
        "jquery": ">=1.2.6"
      }
    },
    "underscore": {
      "version": "1.4.4",
      "resolved": "https://registry.npmjs.org/underscore/-/underscore-1.4.4.tgz",
      "integrity": "sha1-YaajIBBiKvoHljvzJSA88SI51gQ="
    }
  }
}
